
Microsoft Visual Studio Solution File, Format Version 12.00
# Visual Studio 15
VisualStudioVersion = 15.0.28307.271
MinimumVisualStudioVersion = 10.0.40219.1
Project("{FAE04EC0-301F-11D3-BF4B-00C04F79EFBC}") = "helloRepo", "helloRepo\helloRepo.csproj", "{75ABDEF9-8A11-4CCE-A58A-67FCEE7420DE}"
EndProject
Global
	GlobalSection(SolutionConfigurationPlatforms) = preSolution
		Debug|Any CPU = Debug|Any CPU
		Release|Any CPU = Release|Any CPU
	EndGlobalSection
	GlobalSection(ProjectConfigurationPlatforms) = postSolution
		{75ABDEF9-8A11-4CCE-A58A-67FCEE7420DE}.Debug|Any CPU.ActiveCfg = Debug|Any CPU
		{75ABDEF9-8A11-4CCE-A58A-67FCEE7420DE}.Debug|Any CPU.Build.0 = Debug|Any CPU
		{75ABDEF9-8A11-4CCE-A58A-67FCEE7420DE}.Release|Any CPU.ActiveCfg = Release|Any CPU
		{75ABDEF9-8A11-4CCE-A58A-67FCEE7420DE}.Release|Any CPU.Build.0 = Release|Any CPU
	EndGlobalSection
	GlobalSection(SolutionProperties) = preSolution
		HideSolutionNode = FALSE
	EndGlobalSection
	GlobalSection(ExtensibilityGlobals) = postSolution
		SolutionGuid = {3B3C579F-4E51-410F-AEC1-B7F76C2842C7}
	EndGlobalSection
EndGlobal
